// !$*UTF8*$!
{
	archiveVersion = 1;
	classes = {
	};
	objectVersion = 46;
	objects = {

/* Begin PBXBuildFile section */
		AE8A5C6D196F3D3700144B69 /* AppDelegate.swift in Sources */ = {isa = PBXBuildFile; fileRef = AE8A5C6C196F3D3700144B69 /* AppDelegate.swift */; };
		AE8A5C6F196F3D3700144B69 /* FirstViewController.swift in Sources */ = {isa = PBXBuildFile; fileRef = AE8A5C6E196F3D3700144B69 /* FirstViewController.swift */; };
		AE8A5C71196F3D3700144B69 /* SecondViewController.swift in Sources */ = {isa = PBXBuildFile; fileRef = AE8A5C70196F3D3700144B69 /* SecondViewController.swift */; };
		AE8A5C74196F3D3700144B69 /* Main.storyboard in Resources */ = {isa = PBXBuildFile; fileRef = AE8A5C72196F3D3700144B69 /* Main.storyboard */; };
		AE8A5C76196F3D3700144B69 /* Images.xcassets in Resources */ = {isa = PBXBuildFile; fileRef = AE8A5C75196F3D3700144B69 /* Images.xcassets */; };
		AE8A5C82196F3D3700144B69 /* sandboxTests.swift in Sources */ = {isa = PBXBuildFile; fileRef = AE8A5C81196F3D3700144B69 /* sandboxTests.swift */; };
/* End PBXBuildFile section */

/* Begin PBXContainerItemProxy section */
		AE8A5C7C196F3D3700144B69 /* PBXContainerItemProxy */ = {
			isa = PBXContainerItemProxy;
			containerPortal = AE8A5C5F196F3D3700144B69 /* Project object */;
			proxyType = 1;
			remoteGlobalIDString = AE8A5C66196F3D3700144B69;
			remoteInfo = sandbox;
		};
/* End PBXContainerItemProxy section */

/* Begin PBXFileReference section */
		AE8A5C67196F3D3700144B69 /* sandbox.app */ = {isa = PBXFileReference; explicitFileType = wrapper.application; includeInIndex = 0; path = sandbox.app; sourceTree = BUILT_PRODUCTS_DIR; };
		AE8A5C6B196F3D3700144B69 /* Info.plist */ = {isa = PBXFileReference; lastKnownFileType = text.plist.xml; path = Info.plist; sourceTree = "<group>"; };
		AE8A5C6C196F3D3700144B69 /* AppDelegate.swift */ = {isa = PBXFileReference; lastKnownFileType = sourcecode.swift; path = AppDelegate.swift; sourceTree = "<group>"; };
		AE8A5C6E196F3D3700144B69 /* FirstViewController.swift */ = {isa = PBXFileReference; lastKnownFileType = sourcecode.swift; path = FirstViewController.swift; sourceTree = "<group>"; };
		AE8A5C70196F3D3700144B69 /* SecondViewController.swift */ = {isa = PBXFileReference; lastKnownFileType = sourcecode.swift; path = SecondViewController.swift; sourceTree = "<group>"; };
		AE8A5C73196F3D3700144B69 /* Base */ = {isa = PBXFileReference; lastKnownFileType = file.storyboard; name = Base; path = Base.lproj/Main.storyboard; sourceTree = "<group>"; };
		AE8A5C75196F3D3700144B69 /* Images.xcassets */ = {isa = PBXFileReference; lastKnownFileType = folder.assetcatalog; path = Images.xcassets; sourceTree = "<group>"; };
		AE8A5C7B196F3D3700144B69 /* sandboxTests.xctest */ = {isa = PBXFileReference; explicitFileType = wrapper.cfbundle; includeInIndex = 0; path = sandboxTests.xctest; sourceTree = BUILT_PRODUCTS_DIR; };
		AE8A5C80196F3D3700144B69 /* Info.plist */ = {isa = PBXFileReference; lastKnownFileType = text.plist.xml; path = Info.plist; sourceTree = "<group>"; };
		AE8A5C81196F3D3700144B69 /* sandboxTests.swift */ = {isa = PBXFileReference; lastKnownFileType = sourcecode.swift; path = sandboxTests.swift; sourceTree = "<group>"; };
/* End PBXFileReference section */

/* Begin PBXFrameworksBuildPhase section */
		AE8A5C64196F3D3700144B69 /* Frameworks */ = {
			isa = PBXFrameworksBuildPhase;
			buildActionMask = 2147483647;
			files = (
			);
			runOnlyForDeploymentPostprocessing = 0;
		};
		AE8A5C78196F3D3700144B69 /* Frameworks */ = {
			isa = PBXFrameworksBuildPhase;
			buildActionMask = 2147483647;
			files = (
			);
			runOnlyForDeploymentPostprocessing = 0;
		};
/* End PBXFrameworksBuildPhase section */

/* Begin PBXGroup section */
		AE8A5C5E196F3D3700144B69 = {
			isa = PBXGroup;
			children = (
				AE8A5C69196F3D3700144B69 /* sandbox */,
				AE8A5C7E196F3D3700144B69 /* sandboxTests */,
				AE8A5C68196F3D3700144B69 /* Products */,
			);
			sourceTree = "<group>";
		};
		AE8A5C68196F3D3700144B69 /* Products */ = {
			isa = PBXGroup;
			children = (
				AE8A5C67196F3D3700144B69 /* sandbox.app */,
				AE8A5C7B196F3D3700144B69 /* sandboxTests.xctest */,
			);
			name = Products;
			sourceTree = "<group>";
		};
		AE8A5C69196F3D3700144B69 /* sandbox */ = {
			isa = PBXGroup;
			children = (
				AE8A5C6C196F3D3700144B69 /* AppDelegate.swift */,
				AE8A5C6E196F3D3700144B69 /* FirstViewController.swift */,
				AE8A5C70196F3D3700144B69 /* SecondViewController.swift */,
				AE8A5C72196F3D3700144B69 /* Main.storyboard */,
				AE8A5C75196F3D3700144B69 /* Images.xcassets */,
				AE8A5C6A196F3D3700144B69 /* Supporting Files */,
			);
			path = sandbox;
			sourceTree = "<group>";
		};
		AE8A5C6A196F3D3700144B69 /* Supporting Files */ = {
			isa = PBXGroup;
			children = (
				AE8A5C6B196F3D3700144B69 /* Info.plist */,
			);
			name = "Supporting Files";
			sourceTree = "<group>";
		};
		AE8A5C7E196F3D3700144B69 /* sandboxTests */ = {
			isa = PBXGroup;
			children = (
				AE8A5C81196F3D3700144B69 /* sandboxTests.swift */,
				AE8A5C7F196F3D3700144B69 /* Supporting Files */,
			);
			path = sandboxTests;
			sourceTree = "<group>";
		};
		AE8A5C7F196F3D3700144B69 /* Supporting Files */ = {
			isa = PBXGroup;
			children = (
				AE8A5C80196F3D3700144B69 /* Info.plist */,
			);
			name = "Supporting Files";
			sourceTree = "<group>";
		};
/* End PBXGroup section */

/* Begin PBXNativeTarget section */
		AE8A5C66196F3D3700144B69 /* sandbox */ = {
			isa = PBXNativeTarget;
			buildConfigurationList = AE8A5C85196F3D3700144B69 /* Build configuration list for PBXNativeTarget "sandbox" */;
			buildPhases = (
				AE8A5C63196F3D3700144B69 /* Sources */,
				AE8A5C64196F3D3700144B69 /* Frameworks */,
				AE8A5C65196F3D3700144B69 /* Resources */,
			);
			buildRules = (
			);
			dependencies = (
			);
			name = sandbox;
			productName = sandbox;
			productReference = AE8A5C67196F3D3700144B69 /* sandbox.app */;
			productType = "com.apple.product-type.application";
		};
		AE8A5C7A196F3D3700144B69 /* sandboxTests */ = {
			isa = PBXNativeTarget;
			buildConfigurationList = AE8A5C88196F3D3700144B69 /* Build configuration list for PBXNativeTarget "sandboxTests" */;
			buildPhases = (
				AE8A5C77196F3D3700144B69 /* Sources */,
				AE8A5C78196F3D3700144B69 /* Frameworks */,
				AE8A5C79196F3D3700144B69 /* Resources */,
			);
			buildRules = (
			);
			dependencies = (
				AE8A5C7D196F3D3700144B69 /* PBXTargetDependency */,
			);
			name = sandboxTests;
			productName = sandboxTests;
			productReference = AE8A5C7B196F3D3700144B69 /* sandboxTests.xctest */;
			productType = "com.apple.product-type.bundle.unit-test";
		};
/* End PBXNativeTarget section */

/* Begin PBXProject section */
		AE8A5C5F196F3D3700144B69 /* Project object */ = {
			isa = PBXProject;
			attributes = {
				LastUpgradeCheck = 0600;
				ORGANIZATIONNAME = mschmulen;
				TargetAttributes = {
					AE8A5C66196F3D3700144B69 = {
						CreatedOnToolsVersion = 6.0;
					};
					AE8A5C7A196F3D3700144B69 = {
						CreatedOnToolsVersion = 6.0;
						TestTargetID = AE8A5C66196F3D3700144B69;
					};
				};
			};
			buildConfigurationList = AE8A5C62196F3D3700144B69 /* Build configuration list for PBXProject "sandbox" */;
			compatibilityVersion = "Xcode 3.2";
			developmentRegion = English;
			hasScannedForEncodings = 0;
			knownRegions = (
				en,
				Base,
			);
			mainGroup = AE8A5C5E196F3D3700144B69;
			productRefGroup = AE8A5C68196F3D3700144B69 /* Products */;
			projectDirPath = "";
			projectRoot = "";
			targets = (
				AE8A5C66196F3D3700144B69 /* sandbox */,
				AE8A5C7A196F3D3700144B69 /* sandboxTests */,
			);
		};
/* End PBXProject section */

/* Begin PBXResourcesBuildPhase section */
		AE8A5C65196F3D3700144B69 /* Resources */ = {
			isa = PBXResourcesBuildPhase;
			buildActionMask = 2147483647;
			files = (
				AE8A5C74196F3D3700144B69 /* Main.storyboard in Resources */,
				AE8A5C76196F3D3700144B69 /* Images.xcassets in Resources */,
			);
			runOnlyForDeploymentPostprocessing = 0;
		};
		AE8A5C79196F3D3700144B69 /* Resources */ = {
			isa = PBXResourcesBuildPhase;
			buildActionMask = 2147483647;
			files = (
			);
			runOnlyForDeploymentPostprocessing = 0;
		};
/* End PBXResourcesBuildPhase section */

/* Begin PBXSourcesBuildPhase section */
		AE8A5C63196F3D3700144B69 /* Sources */ = {
			isa = PBXSourcesBuildPhase;
			buildActionMask = 2147483647;
			files = (
				AE8A5C71196F3D3700144B69 /* SecondViewController.swift in Sources */,
				AE8A5C6D196F3D3700144B69 /* AppDelegate.swift in Sources */,
				AE8A5C6F196F3D3700144B69 /* FirstViewController.swift in Sources */,
			);
			runOnlyForDeploymentPostprocessing = 0;
		};
		AE8A5C77196F3D3700144B69 /* Sources */ = {
			isa = PBXSourcesBuildPhase;
			buildActionMask = 2147483647;
			files = (
				AE8A5C82196F3D3700144B69 /* sandboxTests.swift in Sources */,
			);
			runOnlyForDeploymentPostprocessing = 0;
		};
/* End PBXSourcesBuildPhase section */

/* Begin PBXTargetDependency section */
		AE8A5C7D196F3D3700144B69 /* PBXTargetDependency */ = {
			isa = PBXTargetDependency;
			target = AE8A5C66196F3D3700144B69 /* sandbox */;
			targetProxy = AE8A5C7C196F3D3700144B69 /* PBXContainerItemProxy */;
		};
/* End PBXTargetDependency section */

/* Begin PBXVariantGroup section */
		AE8A5C72196F3D3700144B69 /* Main.storyboard */ = {
			isa = PBXVariantGroup;
			children = (
				AE8A5C73196F3D3700144B69 /* Base */,
			);
			name = Main.storyboard;
			sourceTree = "<group>";
		};
/* End PBXVariantGroup section */

/* Begin XCBuildConfiguration section */
		AE8A5C83196F3D3700144B69 /* Debug */ = {
			isa = XCBuildConfiguration;
			buildSettings = {
				ALWAYS_SEARCH_USER_PATHS = NO;
				CLANG_CXX_LANGUAGE_STANDARD = "gnu++0x";
				CLANG_CXX_LIBRARY = "libc++";
				CLANG_ENABLE_MODULES = YES;
				CLANG_ENABLE_OBJC_ARC = YES;
				CLANG_WARN_BOOL_CONVERSION = YES;
				CLANG_WARN_CONSTANT_CONVERSION = YES;
				CLANG_WARN_DIRECT_OBJC_ISA_USAGE = YES_ERROR;
				CLANG_WARN_EMPTY_BODY = YES;
				CLANG_WARN_ENUM_CONVERSION = YES;
				CLANG_WARN_INT_CONVERSION = YES;
				CLANG_WARN_OBJC_ROOT_CLASS = YES_ERROR;
				CLANG_WARN_UNREACHABLE_CODE = YES;
				CLANG_WARN__DUPLICATE_METHOD_MATCH = YES;
				"CODE_SIGN_IDENTITY[sdk=iphoneos*]" = "iPhone Developer";
				COPY_PHASE_STRIP = NO;
				ENABLE_STRICT_OBJC_MSGSEND = YES;
				GCC_C_LANGUAGE_STANDARD = gnu99;
				GCC_DYNAMIC_NO_PIC = NO;
				GCC_OPTIMIZATION_LEVEL = 0;
				GCC_PREPROCESSOR_DEFINITIONS = (
					"DEBUG=1",
					"$(inherited)",
				);
				GCC_SYMBOLS_PRIVATE_EXTERN = NO;
				GCC_WARN_64_TO_32_BIT_CONVERSION = YES;
				GCC_WARN_ABOUT_RETURN_TYPE = YES_ERROR;
				GCC_WARN_UNDECLARED_SELECTOR = YES;
				GCC_WARN_UNINITIALIZED_AUTOS = YES_AGGRESSIVE;
				GCC_WARN_UNUSED_FUNCTION = YES;
				GCC_WARN_UNUSED_VARIABLE = YES;
				IPHONEOS_DEPLOYMENT_TARGET = 8.0;
				MTL_ENABLE_DEBUG_INFO = YES;
				ONLY_ACTIVE_ARCH = YES;
				SDKROOT = iphoneos;
				SWIFT_OPTIMIZATION_LEVEL = "-Onone";
			};
			name = Debug;
		};
		AE8A5C84196F3D3700144B69 /* Release */ = {
			isa = XCBuildConfiguration;
			buildSettings = {
				ALWAYS_SEARCH_USER_PATHS = NO;
				CLANG_CXX_LANGUAGE_STANDARD = "gnu++0x";
				CLANG_CXX_LIBRARY = "libc++";
				CLANG_ENABLE_MODULES = YES;
				CLANG_ENABLE_OBJC_ARC = YES;
				CLANG_WARN_BOOL_CONVERSION = YES;
				CLANG_WARN_CONSTANT_CONVERSION = YES;
				CLANG_WARN_DIRECT_OBJC_ISA_USAGE = YES_ERROR;
				CLANG_WARN_EMPTY_BODY = YES;
				CLANG_WARN_ENUM_CONVERSION = YES;
				CLANG_WARN_INT_CONVERSION = YES;
				CLANG_WARN_OBJC_ROOT_CLASS = YES_ERROR;
				CLANG_WARN_UNREACHABLE_CODE = YES;
				CLANG_WARN__DUPLICATE_METHOD_MATCH = YES;
				"CODE_SIGN_IDENTITY[sdk=iphoneos*]" = "iPhone Developer";
				COPY_PHASE_STRIP = YES;
				ENABLE_NS_ASSERTIONS = NO;
				ENABLE_STRICT_OBJC_MSGSEND = YES;
				GCC_C_LANGUAGE_STANDARD = gnu99;
				GCC_WARN_64_TO_32_BIT_CONVERSION = YES;
				GCC_WARN_ABOUT_RETURN_TYPE = YES_ERROR;
				GCC_WARN_UNDECLARED_SELECTOR = YES;
				GCC_WARN_UNINITIALIZED_AUTOS = YES_AGGRESSIVE;
				GCC_WARN_UNUSED_FUNCTION = YES;
				GCC_WARN_UNUSED_VARIABLE = YES;
				IPHONEOS_DEPLOYMENT_TARGET = 8.0;
				MTL_ENABLE_DEBUG_INFO = NO;
				SDKROOT = iphoneos;
				VALIDATE_PRODUCT = YES;
			};
			name = Release;
		};
		AE8A5C86196F3D3700144B69 /* Debug */ = {
			isa = XCBuildConfiguration;
			buildSettings = {
				ASSETCATALOG_COMPILER_APPICON_NAME = AppIcon;
				ASSETCATALOG_COMPILER_LAUNCHIMAGE_NAME = LaunchImage;
				INFOPLIST_FILE = sandbox/Info.plist;
				LD_RUNPATH_SEARCH_PATHS = "$(inherited) @executable_path/Frameworks";
				PRODUCT_NAME = "$(TARGET_NAME)";
			};
			name = Debug;
		};
		AE8A5C87196F3D3700144B69 /* Release */ = {
			isa = XCBuildConfiguration;
			buildSettings = {
				ASSETCATALOG_COMPILER_APPICON_NAME = AppIcon;
				ASSETCATALOG_COMPILER_LAUNCHIMAGE_NAME = LaunchImage;
				INFOPLIST_FILE = sandbox/Info.plist;
				LD_RUNPATH_SEARCH_PATHS = "$(inherited) @executable_path/Frameworks";
				PRODUCT_NAME = "$(TARGET_NAME)";
			};
			name = Release;
		};
		AE8A5C89196F3D3700144B69 /* Debug */ = {
			isa = XCBuildConfiguration;
			buildSettings = {
				BUNDLE_LOADER = "$(BUILT_PRODUCTS_DIR)/sandbox.app/sandbox";
				FRAMEWORK_SEARCH_PATHS = (
					"$(SDKROOT)/Developer/Library/Frameworks",
					"$(inherited)",
				);
				GCC_PREPROCESSOR_DEFINITIONS = (
					"DEBUG=1",
					"$(inherited)",
				);
				INFOPLIST_FILE = sandboxTests/Info.plist;
				LD_RUNPATH_SEARCH_PATHS = "$(inherited) @executable_path/Frameworks @loader_path/Frameworks";
				PRODUCT_NAME = "$(TARGET_NAME)";
				TEST_HOST = "$(BUNDLE_LOADER)";
			};
			name = Debug;
		};
		AE8A5C8A196F3D3700144B69 /* Release */ = {
			isa = XCBuildConfiguration;
			buildSettings = {
				BUNDLE_LOADER = "$(BUILT_PRODUCTS_DIR)/sandbox.app/sandbox";
				FRAMEWORK_SEARCH_PATHS = (
					"$(SDKROOT)/Developer/Library/Frameworks",
					"$(inherited)",
				);
				INFOPLIST_FILE = sandboxTests/Info.plist;
				LD_RUNPATH_SEARCH_PATHS = "$(inherited) @executable_path/Frameworks @loader_path/Frameworks";
				PRODUCT_NAME = "$(TARGET_NAME)";
				TEST_HOST = "$(BUNDLE_LOADER)";
			};
			name = Release;
		};
/* End XCBuildConfiguration section */

/* Begin XCConfigurationList section */
		AE8A5C62196F3D3700144B69 /* Build configuration list for PBXProject "sandbox" */ = {
			isa = XCConfigurationList;
			buildConfigurations = (
				AE8A5C83196F3D3700144B69 /* Debug */,
				AE8A5C84196F3D3700144B69 /* Release */,
			);
			defaultConfigurationIsVisible = 0;
			defaultConfigurationName = Release;
		};
		AE8A5C85196F3D3700144B69 /* Build configuration list for PBXNativeTarget "sandbox" */ = {
			isa = XCConfigurationList;
			buildConfigurations = (
				AE8A5C86196F3D3700144B69 /* Debug */,
				AE8A5C87196F3D3700144B69 /* Release */,
			);
			defaultConfigurationIsVisible = 0;
		};
		AE8A5C88196F3D3700144B69 /* Build configuration list for PBXNativeTarget "sandboxTests" */ = {
			isa = XCConfigurationList;
			buildConfigurations = (
				AE8A5C89196F3D3700144B69 /* Debug */,
				AE8A5C8A196F3D3700144B69 /* Release */,
			);
			defaultConfigurationIsVisible = 0;
		};
/* End XCConfigurationList section */
	};
	rootObject = AE8A5C5F196F3D3700144B69 /* Project object */;
}
